
Microsoft Visual Studio Solution File, Format Version 12.00
Project("{2150E333-8FDC-42A3-9474-1A3956D46DE8}") = "src", "src", "{17244A6B-3950-46B7-B204-FAE878E7167C}"
EndProject
Project("{FAE04EC0-301F-11D3-BF4B-00C04F79EFBC}") = "Phoenix.MarketData.Domain", "src\Phoenix.MarketData.Domain\Phoenix.MarketData.Domain.csproj", "{EFA6CAAD-0FC3-4E6E-8FC5-657F965B117C}"
EndProject
Project("{FAE04EC0-301F-11D3-BF4B-00C04F79EFBC}") = "Phoenix.MarketData.Infrastructure", "src\Phoenix.MarketData.Infrastructure\Phoenix.MarketData.Infrastructure.csproj", "{8EBB4567-6F96-45D1-AC9F-F8746C507CA8}"
EndProject
Project("{FAE04EC0-301F-11D3-BF4B-00C04F79EFBC}") = "Phoenix.MarketData.Functions", "Phoenix.MarketData.Functions\Phoenix.MarketData.Functions.csproj", "{F7BBBD70-BDF3-4ECA-9CA3-E50D43E1431C}"
EndProject
Global
	GlobalSection(SolutionConfigurationPlatforms) = preSolution
		Debug|Any CPU = Debug|Any CPU
		Release|Any CPU = Release|Any CPU
	EndGlobalSection
	GlobalSection(NestedProjects) = preSolution
		{EFA6CAAD-0FC3-4E6E-8FC5-657F965B117C} = {17244A6B-3950-46B7-B204-FAE878E7167C}
		{8EBB4567-6F96-45D1-AC9F-F8746C507CA8} = {17244A6B-3950-46B7-B204-FAE878E7167C}
		{F7BBBD70-BDF3-4ECA-9CA3-E50D43E1431C} = {17244A6B-3950-46B7-B204-FAE878E7167C}
	EndGlobalSection
	GlobalSection(ProjectConfigurationPlatforms) = postSolution
		{EFA6CAAD-0FC3-4E6E-8FC5-657F965B117C}.Debug|Any CPU.ActiveCfg = Debug|Any CPU
		{EFA6CAAD-0FC3-4E6E-8FC5-657F965B117C}.Debug|Any CPU.Build.0 = Debug|Any CPU
		{EFA6CAAD-0FC3-4E6E-8FC5-657F965B117C}.Release|Any CPU.ActiveCfg = Release|Any CPU
		{EFA6CAAD-0FC3-4E6E-8FC5-657F965B117C}.Release|Any CPU.Build.0 = Release|Any CPU
		{8EBB4567-6F96-45D1-AC9F-F8746C507CA8}.Debug|Any CPU.ActiveCfg = Debug|Any CPU
		{8EBB4567-6F96-45D1-AC9F-F8746C507CA8}.Debug|Any CPU.Build.0 = Debug|Any CPU
		{8EBB4567-6F96-45D1-AC9F-F8746C507CA8}.Release|Any CPU.ActiveCfg = Release|Any CPU
		{8EBB4567-6F96-45D1-AC9F-F8746C507CA8}.Release|Any CPU.Build.0 = Release|Any CPU
		{F7BBBD70-BDF3-4ECA-9CA3-E50D43E1431C}.Debug|Any CPU.ActiveCfg = Debug|Any CPU
		{F7BBBD70-BDF3-4ECA-9CA3-E50D43E1431C}.Debug|Any CPU.Build.0 = Debug|Any CPU
		{F7BBBD70-BDF3-4ECA-9CA3-E50D43E1431C}.Release|Any CPU.ActiveCfg = Release|Any CPU
		{F7BBBD70-BDF3-4ECA-9CA3-E50D43E1431C}.Release|Any CPU.Build.0 = Release|Any CPU
	EndGlobalSection
EndGlobal
